
Microsoft Visual Studio Solution File, Format Version 12.00
# Visual Studio Version 16
VisualStudioVersion = 16.0.33328.57
MinimumVisualStudioVersion = 10.0.40219.1
Project("{FAE04EC0-301F-11D3-BF4B-00C04F79EFBC}") = "BlueApp.Android", "BlueApp\BlueApp.Android\BlueApp.Android.csproj", "{90DBFEE8-E3D2-4A09-B980-64F87FCE13FF}"
EndProject
Project("{9A19103F-16F7-4668-BE54-9A1E7A4F7556}") = "BlueApp", "BlueApp\BlueApp\BlueApp.csproj", "{F84D7F62-1249-45ED-9595-DE64582ED397}"
EndProject
Global
	GlobalSection(SolutionConfigurationPlatforms) = preSolution
		Debug|Any CPU = Debug|Any CPU
		Release|Any CPU = Release|Any CPU
	EndGlobalSection
	GlobalSection(ProjectConfigurationPlatforms) = postSolution
		{90DBFEE8-E3D2-4A09-B980-64F87FCE13FF}.Debug|Any CPU.ActiveCfg = Debug|Any CPU
		{90DBFEE8-E3D2-4A09-B980-64F87FCE13FF}.Debug|Any CPU.Build.0 = Debug|Any CPU
		{90DBFEE8-E3D2-4A09-B980-64F87FCE13FF}.Debug|Any CPU.Deploy.0 = Debug|Any CPU
		{90DBFEE8-E3D2-4A09-B980-64F87FCE13FF}.Release|Any CPU.ActiveCfg = Release|Any CPU
		{90DBFEE8-E3D2-4A09-B980-64F87FCE13FF}.Release|Any CPU.Build.0 = Release|Any CPU
		{90DBFEE8-E3D2-4A09-B980-64F87FCE13FF}.Release|Any CPU.Deploy.0 = Release|Any CPU
		{F84D7F62-1249-45ED-9595-DE64582ED397}.Debug|Any CPU.ActiveCfg = Debug|Any CPU
		{F84D7F62-1249-45ED-9595-DE64582ED397}.Debug|Any CPU.Build.0 = Debug|Any CPU
		{F84D7F62-1249-45ED-9595-DE64582ED397}.Debug|Any CPU.Deploy.0 = Debug|Any CPU
		{F84D7F62-1249-45ED-9595-DE64582ED397}.Release|Any CPU.ActiveCfg = Release|Any CPU
		{F84D7F62-1249-45ED-9595-DE64582ED397}.Release|Any CPU.Build.0 = Release|Any CPU
		{F84D7F62-1249-45ED-9595-DE64582ED397}.Release|Any CPU.Deploy.0 = Release|Any CPU
	EndGlobalSection
	GlobalSection(SolutionProperties) = preSolution
		HideSolutionNode = FALSE
	EndGlobalSection
	GlobalSection(ExtensibilityGlobals) = postSolution
		SolutionGuid = {CD5A13BE-1A44-472B-8A61-EE0A20F6D0A3}
	EndGlobalSection
EndGlobal
